
Microsoft Visual Studio Solution File, Format Version 12.00
# Visual Studio Version 17
VisualStudioVersion = 17.13.35825.156
MinimumVisualStudioVersion = 10.0.40219.1
Project("{FAE04EC0-301F-11D3-BF4B-00C04F79EFBC}") = "Api", "Api\Api.csproj", "{649A6BA3-EC4A-458E-84F1-D5C8801E0A89}"
EndProject
Project("{2150E333-8FDC-42A3-9474-1A3956D46DE8}") = "src", "src", "{36D591C7-65C7-A0D1-1CBC-10CDE441BDC8}"
EndProject
Project("{FAE04EC0-301F-11D3-BF4B-00C04F79EFBC}") = "Domain", "Domain\Domain.csproj", "{61EDAB67-992E-4B57-972F-7C433EC7A18A}"
EndProject
Project("{FAE04EC0-301F-11D3-BF4B-00C04F79EFBC}") = "Infrastructure", "Infrastructure\Infrastructure.csproj", "{3712A15F-CFE3-4DB7-AC51-778023CAE388}"
EndProject
Project("{FAE04EC0-301F-11D3-BF4B-00C04F79EFBC}") = "Application", "Application\Application.csproj", "{B16BF88A-BE00-41F9-8F52-157A67F65C86}"
EndProject
Project("{FAE04EC0-301F-11D3-BF4B-00C04F79EFBC}") = "Core", "Core\Core.csproj", "{B0BC28B0-9B24-4F7B-B3DD-F2C33C5BFF49}"
EndProject
Project("{FAE04EC0-301F-11D3-BF4B-00C04F79EFBC}") = "Tests", "Tests\Tests.csproj", "{60FC03C1-4D67-496B-84D6-4153E9F82318}"
EndProject
Project("{54A90642-561A-4BB1-A94E-469ADEE60C69}") = "ng-registration-wizard", "ng-registration-wizard\ng-registration-wizard.esproj", "{1E80EC58-64A5-C362-E7CF-1AEEB632152E}"
EndProject
Global
	GlobalSection(SolutionConfigurationPlatforms) = preSolution
		Debug|Any CPU = Debug|Any CPU
		Release|Any CPU = Release|Any CPU
	EndGlobalSection
	GlobalSection(ProjectConfigurationPlatforms) = postSolution
		{649A6BA3-EC4A-458E-84F1-D5C8801E0A89}.Debug|Any CPU.ActiveCfg = Debug|Any CPU
		{649A6BA3-EC4A-458E-84F1-D5C8801E0A89}.Debug|Any CPU.Build.0 = Debug|Any CPU
		{649A6BA3-EC4A-458E-84F1-D5C8801E0A89}.Release|Any CPU.ActiveCfg = Release|Any CPU
		{649A6BA3-EC4A-458E-84F1-D5C8801E0A89}.Release|Any CPU.Build.0 = Release|Any CPU
		{61EDAB67-992E-4B57-972F-7C433EC7A18A}.Debug|Any CPU.ActiveCfg = Debug|Any CPU
		{61EDAB67-992E-4B57-972F-7C433EC7A18A}.Debug|Any CPU.Build.0 = Debug|Any CPU
		{61EDAB67-992E-4B57-972F-7C433EC7A18A}.Release|Any CPU.ActiveCfg = Release|Any CPU
		{61EDAB67-992E-4B57-972F-7C433EC7A18A}.Release|Any CPU.Build.0 = Release|Any CPU
		{3712A15F-CFE3-4DB7-AC51-778023CAE388}.Debug|Any CPU.ActiveCfg = Debug|Any CPU
		{3712A15F-CFE3-4DB7-AC51-778023CAE388}.Debug|Any CPU.Build.0 = Debug|Any CPU
		{3712A15F-CFE3-4DB7-AC51-778023CAE388}.Release|Any CPU.ActiveCfg = Release|Any CPU
		{3712A15F-CFE3-4DB7-AC51-778023CAE388}.Release|Any CPU.Build.0 = Release|Any CPU
		{B16BF88A-BE00-41F9-8F52-157A67F65C86}.Debug|Any CPU.ActiveCfg = Debug|Any CPU
		{B16BF88A-BE00-41F9-8F52-157A67F65C86}.Debug|Any CPU.Build.0 = Debug|Any CPU
		{B16BF88A-BE00-41F9-8F52-157A67F65C86}.Release|Any CPU.ActiveCfg = Release|Any CPU
		{B16BF88A-BE00-41F9-8F52-157A67F65C86}.Release|Any CPU.Build.0 = Release|Any CPU
		{B0BC28B0-9B24-4F7B-B3DD-F2C33C5BFF49}.Debug|Any CPU.ActiveCfg = Debug|Any CPU
		{B0BC28B0-9B24-4F7B-B3DD-F2C33C5BFF49}.Debug|Any CPU.Build.0 = Debug|Any CPU
		{B0BC28B0-9B24-4F7B-B3DD-F2C33C5BFF49}.Release|Any CPU.ActiveCfg = Release|Any CPU
		{B0BC28B0-9B24-4F7B-B3DD-F2C33C5BFF49}.Release|Any CPU.Build.0 = Release|Any CPU
		{60FC03C1-4D67-496B-84D6-4153E9F82318}.Debug|Any CPU.ActiveCfg = Debug|Any CPU
		{60FC03C1-4D67-496B-84D6-4153E9F82318}.Debug|Any CPU.Build.0 = Debug|Any CPU
		{60FC03C1-4D67-496B-84D6-4153E9F82318}.Release|Any CPU.ActiveCfg = Release|Any CPU
		{60FC03C1-4D67-496B-84D6-4153E9F82318}.Release|Any CPU.Build.0 = Release|Any CPU
		{1E80EC58-64A5-C362-E7CF-1AEEB632152E}.Debug|Any CPU.ActiveCfg = Debug|Any CPU
		{1E80EC58-64A5-C362-E7CF-1AEEB632152E}.Debug|Any CPU.Build.0 = Debug|Any CPU
		{1E80EC58-64A5-C362-E7CF-1AEEB632152E}.Debug|Any CPU.Deploy.0 = Debug|Any CPU
		{1E80EC58-64A5-C362-E7CF-1AEEB632152E}.Release|Any CPU.ActiveCfg = Release|Any CPU
		{1E80EC58-64A5-C362-E7CF-1AEEB632152E}.Release|Any CPU.Build.0 = Release|Any CPU
		{1E80EC58-64A5-C362-E7CF-1AEEB632152E}.Release|Any CPU.Deploy.0 = Release|Any CPU
	EndGlobalSection
	GlobalSection(SolutionProperties) = preSolution
		HideSolutionNode = FALSE
	EndGlobalSection
	GlobalSection(NestedProjects) = preSolution
		{649A6BA3-EC4A-458E-84F1-D5C8801E0A89} = {36D591C7-65C7-A0D1-1CBC-10CDE441BDC8}
		{61EDAB67-992E-4B57-972F-7C433EC7A18A} = {36D591C7-65C7-A0D1-1CBC-10CDE441BDC8}
		{3712A15F-CFE3-4DB7-AC51-778023CAE388} = {36D591C7-65C7-A0D1-1CBC-10CDE441BDC8}
		{B16BF88A-BE00-41F9-8F52-157A67F65C86} = {36D591C7-65C7-A0D1-1CBC-10CDE441BDC8}
		{B0BC28B0-9B24-4F7B-B3DD-F2C33C5BFF49} = {36D591C7-65C7-A0D1-1CBC-10CDE441BDC8}
		{60FC03C1-4D67-496B-84D6-4153E9F82318} = {36D591C7-65C7-A0D1-1CBC-10CDE441BDC8}
		{1E80EC58-64A5-C362-E7CF-1AEEB632152E} = {36D591C7-65C7-A0D1-1CBC-10CDE441BDC8}
	EndGlobalSection
	GlobalSection(ExtensibilityGlobals) = postSolution
		SolutionGuid = {CC010F68-E0FB-4BCC-91CE-3CB62E7CED6D}
	EndGlobalSection
EndGlobal
